github.com/FortAwesome/Font-Awesome v0.0.0-20220831210243-d3a7818c253f/go.mod h1:IUgezN/MFpCDIlFezw3L8j83oeiIuYoj28Miwr/KUYo=
github.com/FortAwesome/Font-Awesome v0.0.0-20230327165841-0698449d50f2 h1:Uv1z5EqCfmiK4IHUwT0m3h/u/WCk+kpRfxvAZhpC7Gc=
github.com/FortAwesome/Font-Awesome v0.0.0-20230327165841-0698449d50f2/go.mod h1:IUgezN/MFpCDIlFezw3L8j83oeiIuYoj28Miwr/KUYo=
github.com/google/docsy v0.6.0 h1:43bVF18t2JihAamelQjjGzx1vO2ljCilVrBgetCA8oI=
github.com/google/docsy v0.6.0/go.mod h1:VKKLqD8PQ7AglJc98yBorATfW7GrNVsn0kGXVYF6G+M=
github.com/google/docsy v0.8.0 h1:RgHyKRTo8YwScMThrf01Ky2yCGpUS1hpkspwNv6szT4=
github.com/google/docsy v0.8.0/go.mod h1:FqTNN2T7pWEGW8dc+v5hQ5VF29W5uaL00PQ1LdVw5F8=
github.com/google/docsy/dependencies v0.6.0 h1:BFXDCINbp8ZuUGl/mrHjMfhCg+b1YX+hVLAA5fGW7Pc=
github.com/google/docsy/dependencies v0.6.0/go.mod h1:EDGc2znMbGUw0RW5kWwy2oGgLt0iVXBmoq4UOqstuNE=
github.com/google/docsy/dependencies v0.7.2 h1:+t5ufoADQAj4XneFphz4A+UU0ICAxmNaRHVWtMYXPSI=
github.com/google/docsy/dependencies v0.7.2/go.mod h1:gihhs5gmgeO+wuoay4FwOzob+jYJVyQbNaQOh788lD4=
github.com/trunkcode/hugo-seo v0.2.2 h1:ywfWzmde21QktGKxs5hfdbMXhAEY0cANP/oaXKDgz/0=
github.com/trunkcode/hugo-seo v0.2.2/go.mod h1:L66E4t0yxaJE8YyS97iCHYwDYkapDuIBaGwCpvC5bWM=
github.com/twbs/bootstrap v4.6.2+incompatible/go.mod h1:fZTSrkpSf0/HkL0IIJzvVspTt1r9zuf7XlZau8kpcY0=
github.com/twbs/bootstrap v5.2.3+incompatible/go.mod h1:fZTSrkpSf0/HkL0IIJzvVspTt1r9zuf7XlZau8kpcY0=
github.com/twbs/bootstrap v5.3.2+incompatible h1:tuiO5acc6xnZUR77Sbi5aKWXxjYxbmsSbJwYrhAKoQQ=
github.com/twbs/bootstrap v5.3.2+incompatible/go.mod h1:fZTSrkpSf0/HkL0IIJzvVspTt1r9zuf7XlZau8kpcY0=
