github.com/FortAwesome/Font-Awesome v0.0.0-20210804190922-7d3d774145ac/go.mod h1:IUgezN/MFpCDIlFezw3L8j83oeiIuYoj28Miwr/KUYo=
github.com/google/docsy v0.2.0 h1:DN6wfyyp2rXsjdV1K3wioxOBTRvG6Gg48wLPDso2lc4=
github.com/google/docsy v0.2.0/go.mod h1:shlabwAQakGX6qpXU6Iv/b/SilpHRd7d+xqtZQd3v+8=
github.com/google/docsy/dependencies v0.2.0/go.mod h1:2zZxHF+2qvkyXhLZtsbnqMotxMukJXLaf8fAZER48oo=
github.com/twbs/bootstrap v4.6.1+incompatible/go.mod h1:fZTSrkpSf0/HkL0IIJzvVspTt1r9zuf7XlZau8kpcY0=
